// !$*UTF8*$!
{
	archiveVersion = 1;
	classes = {
	};
	objectVersion = 50;
	objects = {

/* Begin PBXBuildFile section */
		74384E3520CC570300B232D3 /* HomePage.swift in Sources */ = {isa = PBXBuildFile; fileRef = 74384E3420CC570300B232D3 /* HomePage.swift */; };
		74384E3720CC629500B232D3 /* AddItemsPage.swift in Sources */ = {isa = PBXBuildFile; fileRef = 74384E3620CC629500B232D3 /* AddItemsPage.swift */; };
		8501CBBF20CC402500E692E9 /* AppDelegate.swift in Sources */ = {isa = PBXBuildFile; fileRef = 8501CBBE20CC402500E692E9 /* AppDelegate.swift */; };
		8501CBC120CC402500E692E9 /* AddPeoplePage.swift in Sources */ = {isa = PBXBuildFile; fileRef = 8501CBC020CC402500E692E9 /* AddPeoplePage.swift */; };
		8501CBC420CC402500E692E9 /* Main.storyboard in Resources */ = {isa = PBXBuildFile; fileRef = 8501CBC220CC402500E692E9 /* Main.storyboard */; };
		8501CBC620CC402600E692E9 /* Assets.xcassets in Resources */ = {isa = PBXBuildFile; fileRef = 8501CBC520CC402600E692E9 /* Assets.xcassets */; };
		8501CBC920CC402600E692E9 /* LaunchScreen.storyboard in Resources */ = {isa = PBXBuildFile; fileRef = 8501CBC720CC402600E692E9 /* LaunchScreen.storyboard */; };
		8501CBD420CC402600E692E9 /* groupShopperTests.swift in Sources */ = {isa = PBXBuildFile; fileRef = 8501CBD320CC402600E692E9 /* groupShopperTests.swift */; };
		8501CBDF20CC415900E692E9 /* addController.swift in Sources */ = {isa = PBXBuildFile; fileRef = 8501CBDE20CC415900E692E9 /* addController.swift */; };
		8501CBE120CC420000E692E9 /* Constants.swift in Sources */ = {isa = PBXBuildFile; fileRef = 8501CBE020CC420000E692E9 /* Constants.swift */; };
		8501CBE320CC672000E692E9 /* TotalsPage.swift in Sources */ = {isa = PBXBuildFile; fileRef = 8501CBE220CC672000E692E9 /* TotalsPage.swift */; };
		8501CBE520CC676300E692E9 /* AssignPage.swift in Sources */ = {isa = PBXBuildFile; fileRef = 8501CBE420CC676300E692E9 /* AssignPage.swift */; };
/* End PBXBuildFile section */

/* Begin PBXContainerItemProxy section */
		8501CBD020CC402600E692E9 /* PBXContainerItemProxy */ = {
			isa = PBXContainerItemProxy;
			containerPortal = 8501CBB320CC402400E692E9 /* Project object */;
			proxyType = 1;
			remoteGlobalIDString = 8501CBBA20CC402400E692E9;
			remoteInfo = groupShopper;
		};
/* End PBXContainerItemProxy section */

/* Begin PBXFileReference section */
		74384E3420CC570300B232D3 /* HomePage.swift */ = {isa = PBXFileReference; lastKnownFileType = sourcecode.swift; path = HomePage.swift; sourceTree = "<group>"; };
		74384E3620CC629500B232D3 /* AddItemsPage.swift */ = {isa = PBXFileReference; lastKnownFileType = sourcecode.swift; path = AddItemsPage.swift; sourceTree = "<group>"; };
		8501CBBB20CC402500E692E9 /* groupShopper.app */ = {isa = PBXFileReference; explicitFileType = wrapper.application; includeInIndex = 0; path = groupShopper.app; sourceTree = BUILT_PRODUCTS_DIR; };
		8501CBBE20CC402500E692E9 /* AppDelegate.swift */ = {isa = PBXFileReference; lastKnownFileType = sourcecode.swift; path = AppDelegate.swift; sourceTree = "<group>"; };
		8501CBC020CC402500E692E9 /* AddPeoplePage.swift */ = {isa = PBXFileReference; lastKnownFileType = sourcecode.swift; path = AddPeoplePage.swift; sourceTree = "<group>"; };
		8501CBC320CC402500E692E9 /* Base */ = {isa = PBXFileReference; lastKnownFileType = file.storyboard; name = Base; path = Base.lproj/Main.storyboard; sourceTree = "<group>"; };
		8501CBC520CC402600E692E9 /* Assets.xcassets */ = {isa = PBXFileReference; lastKnownFileType = folder.assetcatalog; path = Assets.xcassets; sourceTree = "<group>"; };
		8501CBC820CC402600E692E9 /* Base */ = {isa = PBXFileReference; lastKnownFileType = file.storyboard; name = Base; path = Base.lproj/LaunchScreen.storyboard; sourceTree = "<group>"; };
		8501CBCA20CC402600E692E9 /* Info.plist */ = {isa = PBXFileReference; lastKnownFileType = text.plist.xml; path = Info.plist; sourceTree = "<group>"; };
		8501CBCF20CC402600E692E9 /* groupShopperTests.xctest */ = {isa = PBXFileReference; explicitFileType = wrapper.cfbundle; includeInIndex = 0; path = groupShopperTests.xctest; sourceTree = BUILT_PRODUCTS_DIR; };
		8501CBD320CC402600E692E9 /* groupShopperTests.swift */ = {isa = PBXFileReference; lastKnownFileType = sourcecode.swift; path = groupShopperTests.swift; sourceTree = "<group>"; };
		8501CBD520CC402600E692E9 /* Info.plist */ = {isa = PBXFileReference; lastKnownFileType = text.plist.xml; path = Info.plist; sourceTree = "<group>"; };
		8501CBDE20CC415900E692E9 /* addController.swift */ = {isa = PBXFileReference; lastKnownFileType = sourcecode.swift; path = addController.swift; sourceTree = "<group>"; };
		8501CBE020CC420000E692E9 /* Constants.swift */ = {isa = PBXFileReference; lastKnownFileType = sourcecode.swift; path = Constants.swift; sourceTree = "<group>"; };
		8501CBE220CC672000E692E9 /* TotalsPage.swift */ = {isa = PBXFileReference; lastKnownFileType = sourcecode.swift; path = TotalsPage.swift; sourceTree = "<group>"; };
		8501CBE420CC676300E692E9 /* AssignPage.swift */ = {isa = PBXFileReference; lastKnownFileType = sourcecode.swift; path = AssignPage.swift; sourceTree = "<group>"; };
/* End PBXFileReference section */

/* Begin PBXFrameworksBuildPhase section */
		8501CBB820CC402400E692E9 /* Frameworks */ = {
			isa = PBXFrameworksBuildPhase;
			buildActionMask = 2147483647;
			files = (
			);
			runOnlyForDeploymentPostprocessing = 0;
		};
		8501CBCC20CC402600E692E9 /* Frameworks */ = {
			isa = PBXFrameworksBuildPhase;
			buildActionMask = 2147483647;
			files = (
			);
			runOnlyForDeploymentPostprocessing = 0;
		};
/* End PBXFrameworksBuildPhase section */

/* Begin PBXGroup section */
		8501CBB220CC402400E692E9 = {
			isa = PBXGroup;
			children = (
				8501CBBD20CC402500E692E9 /* groupShopper */,
				8501CBD220CC402600E692E9 /* groupShopperTests */,
				8501CBBC20CC402500E692E9 /* Products */,
			);
			sourceTree = "<group>";
		};
		8501CBBC20CC402500E692E9 /* Products */ = {
			isa = PBXGroup;
			children = (
				8501CBBB20CC402500E692E9 /* groupShopper.app */,
				8501CBCF20CC402600E692E9 /* groupShopperTests.xctest */,
			);
			name = Products;
			sourceTree = "<group>";
		};
		8501CBBD20CC402500E692E9 /* groupShopper */ = {
			isa = PBXGroup;
			children = (
				8501CBBE20CC402500E692E9 /* AppDelegate.swift */,
				74384E3420CC570300B232D3 /* HomePage.swift */,
				8501CBC020CC402500E692E9 /* AddPeoplePage.swift */,
				74384E3620CC629500B232D3 /* AddItemsPage.swift */,
				8501CBE420CC676300E692E9 /* AssignPage.swift */,
				8501CBE220CC672000E692E9 /* TotalsPage.swift */,
				8501CBC220CC402500E692E9 /* Main.storyboard */,
				8501CBC520CC402600E692E9 /* Assets.xcassets */,
				8501CBC720CC402600E692E9 /* LaunchScreen.storyboard */,
				8501CBCA20CC402600E692E9 /* Info.plist */,
				8501CBE020CC420000E692E9 /* Constants.swift */,
				8501CBDE20CC415900E692E9 /* addController.swift */,
			);
			path = groupShopper;
			sourceTree = "<group>";
		};
		8501CBD220CC402600E692E9 /* groupShopperTests */ = {
			isa = PBXGroup;
			children = (
				8501CBD320CC402600E692E9 /* groupShopperTests.swift */,
				8501CBD520CC402600E692E9 /* Info.plist */,
			);
			path = groupShopperTests;
			sourceTree = "<group>";
		};
/* End PBXGroup section */

/* Begin PBXNativeTarget section */
		8501CBBA20CC402400E692E9 /* groupShopper */ = {
			isa = PBXNativeTarget;
			buildConfigurationList = 8501CBD820CC402600E692E9 /* Build configuration list for PBXNativeTarget "groupShopper" */;
			buildPhases = (
				8501CBB720CC402400E692E9 /* Sources */,
				8501CBB820CC402400E692E9 /* Frameworks */,
				8501CBB920CC402400E692E9 /* Resources */,
			);
			buildRules = (
			);
			dependencies = (
			);
			name = groupShopper;
			productName = groupShopper;
			productReference = 8501CBBB20CC402500E692E9 /* groupShopper.app */;
			productType = "com.apple.product-type.application";
		};
		8501CBCE20CC402600E692E9 /* groupShopperTests */ = {
			isa = PBXNativeTarget;
			buildConfigurationList = 8501CBDB20CC402600E692E9 /* Build configuration list for PBXNativeTarget "groupShopperTests" */;
			buildPhases = (
				8501CBCB20CC402600E692E9 /* Sources */,
				8501CBCC20CC402600E692E9 /* Frameworks */,
				8501CBCD20CC402600E692E9 /* Resources */,
			);
			buildRules = (
			);
			dependencies = (
				8501CBD120CC402600E692E9 /* PBXTargetDependency */,
			);
			name = groupShopperTests;
			productName = groupShopperTests;
			productReference = 8501CBCF20CC402600E692E9 /* groupShopperTests.xctest */;
			productType = "com.apple.product-type.bundle.unit-test";
		};
/* End PBXNativeTarget section */

/* Begin PBXProject section */
		8501CBB320CC402400E692E9 /* Project object */ = {
			isa = PBXProject;
			attributes = {
				LastSwiftUpdateCheck = 0940;
				LastUpgradeCheck = 0940;
				ORGANIZATIONNAME = discountShoppers;
				TargetAttributes = {
					8501CBBA20CC402400E692E9 = {
						CreatedOnToolsVersion = 9.4;
					};
					8501CBCE20CC402600E692E9 = {
						CreatedOnToolsVersion = 9.4;
						TestTargetID = 8501CBBA20CC402400E692E9;
					};
				};
			};
			buildConfigurationList = 8501CBB620CC402400E692E9 /* Build configuration list for PBXProject "groupShopper" */;
			compatibilityVersion = "Xcode 9.3";
			developmentRegion = en;
			hasScannedForEncodings = 0;
			knownRegions = (
				en,
				Base,
			);
			mainGroup = 8501CBB220CC402400E692E9;
			productRefGroup = 8501CBBC20CC402500E692E9 /* Products */;
			projectDirPath = "";
			projectRoot = "";
			targets = (
				8501CBBA20CC402400E692E9 /* groupShopper */,
				8501CBCE20CC402600E692E9 /* groupShopperTests */,
			);
		};
/* End PBXProject section */

/* Begin PBXResourcesBuildPhase section */
		8501CBB920CC402400E692E9 /* Resources */ = {
			isa = PBXResourcesBuildPhase;
			buildActionMask = 2147483647;
			files = (
				8501CBC920CC402600E692E9 /* LaunchScreen.storyboard in Resources */,
				8501CBC620CC402600E692E9 /* Assets.xcassets in Resources */,
				8501CBC420CC402500E692E9 /* Main.storyboard in Resources */,
			);
			runOnlyForDeploymentPostprocessing = 0;
		};
		8501CBCD20CC402600E692E9 /* Resources */ = {
			isa = PBXResourcesBuildPhase;
			buildActionMask = 2147483647;
			files = (
			);
			runOnlyForDeploymentPostprocessing = 0;
		};
/* End PBXResourcesBuildPhase section */

/* Begin PBXSourcesBuildPhase section */
		8501CBB720CC402400E692E9 /* Sources */ = {
			isa = PBXSourcesBuildPhase;
			buildActionMask = 2147483647;
			files = (
				8501CBE320CC672000E692E9 /* TotalsPage.swift in Sources */,
				8501CBC120CC402500E692E9 /* AddPeoplePage.swift in Sources */,
				8501CBDF20CC415900E692E9 /* addController.swift in Sources */,
				8501CBBF20CC402500E692E9 /* AppDelegate.swift in Sources */,
				8501CBE120CC420000E692E9 /* Constants.swift in Sources */,
				8501CBE520CC676300E692E9 /* AssignPage.swift in Sources */,
				74384E3520CC570300B232D3 /* HomePage.swift in Sources */,
				74384E3720CC629500B232D3 /* AddItemsPage.swift in Sources */,
			);
			runOnlyForDeploymentPostprocessing = 0;
		};
		8501CBCB20CC402600E692E9 /* Sources */ = {
			isa = PBXSourcesBuildPhase;
			buildActionMask = 2147483647;
			files = (
				8501CBD420CC402600E692E9 /* groupShopperTests.swift in Sources */,
			);
			runOnlyForDeploymentPostprocessing = 0;
		};
/* End PBXSourcesBuildPhase section */

/* Begin PBXTargetDependency section */
		8501CBD120CC402600E692E9 /* PBXTargetDependency */ = {
			isa = PBXTargetDependency;
			target = 8501CBBA20CC402400E692E9 /* groupShopper */;
			targetProxy = 8501CBD020CC402600E692E9 /* PBXContainerItemProxy */;
		};
/* End PBXTargetDependency section */

/* Begin PBXVariantGroup section */
		8501CBC220CC402500E692E9 /* Main.storyboard */ = {
			isa = PBXVariantGroup;
			children = (
				8501CBC320CC402500E692E9 /* Base */,
			);
			name = Main.storyboard;
			sourceTree = "<group>";
		};
		8501CBC720CC402600E692E9 /* LaunchScreen.storyboard */ = {
			isa = PBXVariantGroup;
			children = (
				8501CBC820CC402600E692E9 /* Base */,
			);
			name = LaunchScreen.storyboard;
			sourceTree = "<group>";
		};
/* End PBXVariantGroup section */

/* Begin XCBuildConfiguration section */
		8501CBD620CC402600E692E9 /* Debug */ = {
			isa = XCBuildConfiguration;
			buildSettings = {
				ALWAYS_SEARCH_USER_PATHS = NO;
				CLANG_ANALYZER_NONNULL = YES;
				CLANG_ANALYZER_NUMBER_OBJECT_CONVERSION = YES_AGGRESSIVE;
				CLANG_CXX_LANGUAGE_STANDARD = "gnu++14";
				CLANG_CXX_LIBRARY = "libc++";
				CLANG_ENABLE_MODULES = YES;
				CLANG_ENABLE_OBJC_ARC = YES;
				CLANG_ENABLE_OBJC_WEAK = YES;
				CLANG_WARN_BLOCK_CAPTURE_AUTORELEASING = YES;
				CLANG_WARN_BOOL_CONVERSION = YES;
				CLANG_WARN_COMMA = YES;
				CLANG_WARN_CONSTANT_CONVERSION = YES;
				CLANG_WARN_DEPRECATED_OBJC_IMPLEMENTATIONS = YES;
				CLANG_WARN_DIRECT_OBJC_ISA_USAGE = YES_ERROR;
				CLANG_WARN_DOCUMENTATION_COMMENTS = YES;
				CLANG_WARN_EMPTY_BODY = YES;
				CLANG_WARN_ENUM_CONVERSION = YES;
				CLANG_WARN_INFINITE_RECURSION = YES;
				CLANG_WARN_INT_CONVERSION = YES;
				CLANG_WARN_NON_LITERAL_NULL_CONVERSION = YES;
				CLANG_WARN_OBJC_IMPLICIT_RETAIN_SELF = YES;
				CLANG_WARN_OBJC_LITERAL_CONVERSION = YES;
				CLANG_WARN_OBJC_ROOT_CLASS = YES_ERROR;
				CLANG_WARN_RANGE_LOOP_ANALYSIS = YES;
				CLANG_WARN_STRICT_PROTOTYPES = YES;
				CLANG_WARN_SUSPICIOUS_MOVE = YES;
				CLANG_WARN_UNGUARDED_AVAILABILITY = YES_AGGRESSIVE;
				CLANG_WARN_UNREACHABLE_CODE = YES;
				CLANG_WARN__DUPLICATE_METHOD_MATCH = YES;
				CODE_SIGN_IDENTITY = "iPhone Developer";
				COPY_PHASE_STRIP = NO;
				DEBUG_INFORMATION_FORMAT = dwarf;
				ENABLE_STRICT_OBJC_MSGSEND = YES;
				ENABLE_TESTABILITY = YES;
				GCC_C_LANGUAGE_STANDARD = gnu11;
				GCC_DYNAMIC_NO_PIC = NO;
				GCC_NO_COMMON_BLOCKS = YES;
				GCC_OPTIMIZATION_LEVEL = 0;
				GCC_PREPROCESSOR_DEFINITIONS = (
					"DEBUG=1",
					"$(inherited)",
				);
				GCC_WARN_64_TO_32_BIT_CONVERSION = YES;
				GCC_WARN_ABOUT_RETURN_TYPE = YES_ERROR;
				GCC_WARN_UNDECLARED_SELECTOR = YES;
				GCC_WARN_UNINITIALIZED_AUTOS = YES_AGGRESSIVE;
				GCC_WARN_UNUSED_FUNCTION = YES;
				GCC_WARN_UNUSED_VARIABLE = YES;
				IPHONEOS_DEPLOYMENT_TARGET = 11.4;
				MTL_ENABLE_DEBUG_INFO = YES;
				ONLY_ACTIVE_ARCH = YES;
				SDKROOT = iphoneos;
				SWIFT_ACTIVE_COMPILATION_CONDITIONS = DEBUG;
				SWIFT_OPTIMIZATION_LEVEL = "-Onone";
			};
			name = Debug;
		};
		8501CBD720CC402600E692E9 /* Release */ = {
			isa = XCBuildConfiguration;
			buildSettings = {
				ALWAYS_SEARCH_USER_PATHS = NO;
				CLANG_ANALYZER_NONNULL = YES;
				CLANG_ANALYZER_NUMBER_OBJECT_CONVERSION = YES_AGGRESSIVE;
				CLANG_CXX_LANGUAGE_STANDARD = "gnu++14";
				CLANG_CXX_LIBRARY = "libc++";
				CLANG_ENABLE_MODULES = YES;
				CLANG_ENABLE_OBJC_ARC = YES;
				CLANG_ENABLE_OBJC_WEAK = YES;
				CLANG_WARN_BLOCK_CAPTURE_AUTORELEASING = YES;
				CLANG_WARN_BOOL_CONVERSION = YES;
				CLANG_WARN_COMMA = YES;
				CLANG_WARN_CONSTANT_CONVERSION = YES;
				CLANG_WARN_DEPRECATED_OBJC_IMPLEMENTATIONS = YES;
				CLANG_WARN_DIRECT_OBJC_ISA_USAGE = YES_ERROR;
				CLANG_WARN_DOCUMENTATION_COMMENTS = YES;
				CLANG_WARN_EMPTY_BODY = YES;
				CLANG_WARN_ENUM_CONVERSION = YES;
				CLANG_WARN_INFINITE_RECURSION = YES;
				CLANG_WARN_INT_CONVERSION = YES;
				CLANG_WARN_NON_LITERAL_NULL_CONVERSION = YES;
				CLANG_WARN_OBJC_IMPLICIT_RETAIN_SELF = YES;
				CLANG_WARN_OBJC_LITERAL_CONVERSION = YES;
				CLANG_WARN_OBJC_ROOT_CLASS = YES_ERROR;
				CLANG_WARN_RANGE_LOOP_ANALYSIS = YES;
				CLANG_WARN_STRICT_PROTOTYPES = YES;
				CLANG_WARN_SUSPICIOUS_MOVE = YES;
				CLANG_WARN_UNGUARDED_AVAILABILITY = YES_AGGRESSIVE;
				CLANG_WARN_UNREACHABLE_CODE = YES;
				CLANG_WARN__DUPLICATE_METHOD_MATCH = YES;
				CODE_SIGN_IDENTITY = "iPhone Developer";
				COPY_PHASE_STRIP = NO;
				DEBUG_INFORMATION_FORMAT = "dwarf-with-dsym";
				ENABLE_NS_ASSERTIONS = NO;
				ENABLE_STRICT_OBJC_MSGSEND = YES;
				GCC_C_LANGUAGE_STANDARD = gnu11;
				GCC_NO_COMMON_BLOCKS = YES;
				GCC_WARN_64_TO_32_BIT_CONVERSION = YES;
				GCC_WARN_ABOUT_RETURN_TYPE = YES_ERROR;
				GCC_WARN_UNDECLARED_SELECTOR = YES;
				GCC_WARN_UNINITIALIZED_AUTOS = YES_AGGRESSIVE;
				GCC_WARN_UNUSED_FUNCTION = YES;
				GCC_WARN_UNUSED_VARIABLE = YES;
				IPHONEOS_DEPLOYMENT_TARGET = 11.4;
				MTL_ENABLE_DEBUG_INFO = NO;
				SDKROOT = iphoneos;
				SWIFT_COMPILATION_MODE = wholemodule;
				SWIFT_OPTIMIZATION_LEVEL = "-O";
				VALIDATE_PRODUCT = YES;
			};
			name = Release;
		};
		8501CBD920CC402600E692E9 /* Debug */ = {
			isa = XCBuildConfiguration;
			buildSettings = {
				ASSETCATALOG_COMPILER_APPICON_NAME = AppIcon;
				CODE_SIGN_STYLE = Automatic;
				INFOPLIST_FILE = groupShopper/Info.plist;
				LD_RUNPATH_SEARCH_PATHS = (
					"$(inherited)",
					"@executable_path/Frameworks",
				);
				PRODUCT_BUNDLE_IDENTIFIER = com.example.groupShopper;
				PRODUCT_NAME = "$(TARGET_NAME)";
				SWIFT_VERSION = 4.0;
				TARGETED_DEVICE_FAMILY = "1,2";
			};
			name = Debug;
		};
		8501CBDA20CC402600E692E9 /* Release */ = {
			isa = XCBuildConfiguration;
			buildSettings = {
				ASSETCATALOG_COMPILER_APPICON_NAME = AppIcon;
				CODE_SIGN_STYLE = Automatic;
				INFOPLIST_FILE = groupShopper/Info.plist;
				LD_RUNPATH_SEARCH_PATHS = (
					"$(inherited)",
					"@executable_path/Frameworks",
				);
				PRODUCT_BUNDLE_IDENTIFIER = com.example.groupShopper;
				PRODUCT_NAME = "$(TARGET_NAME)";
				SWIFT_VERSION = 4.0;
				TARGETED_DEVICE_FAMILY = "1,2";
			};
			name = Release;
		};
		8501CBDC20CC402600E692E9 /* Debug */ = {
			isa = XCBuildConfiguration;
			buildSettings = {
				ALWAYS_EMBED_SWIFT_STANDARD_LIBRARIES = YES;
				BUNDLE_LOADER = "$(TEST_HOST)";
				CODE_SIGN_STYLE = Automatic;
				INFOPLIST_FILE = groupShopperTests/Info.plist;
				LD_RUNPATH_SEARCH_PATHS = (
					"$(inherited)",
					"@executable_path/Frameworks",
					"@loader_path/Frameworks",
				);
				PRODUCT_BUNDLE_IDENTIFIER = com.example.groupShopperTests;
				PRODUCT_NAME = "$(TARGET_NAME)";
				SWIFT_VERSION = 4.0;
				TARGETED_DEVICE_FAMILY = "1,2";
				TEST_HOST = "$(BUILT_PRODUCTS_DIR)/groupShopper.app/groupShopper";
			};
			name = Debug;
		};
		8501CBDD20CC402600E692E9 /* Release */ = {
			isa = XCBuildConfiguration;
			buildSettings = {
				ALWAYS_EMBED_SWIFT_STANDARD_LIBRARIES = YES;
				BUNDLE_LOADER = "$(TEST_HOST)";
				CODE_SIGN_STYLE = Automatic;
				INFOPLIST_FILE = groupShopperTests/Info.plist;
				LD_RUNPATH_SEARCH_PATHS = (
					"$(inherited)",
					"@executable_path/Frameworks",
					"@loader_path/Frameworks",
				);
				PRODUCT_BUNDLE_IDENTIFIER = com.example.groupShopperTests;
				PRODUCT_NAME = "$(TARGET_NAME)";
				SWIFT_VERSION = 4.0;
				TARGETED_DEVICE_FAMILY = "1,2";
				TEST_HOST = "$(BUILT_PRODUCTS_DIR)/groupShopper.app/groupShopper";
			};
			name = Release;
		};
/* End XCBuildConfiguration section */

/* Begin XCConfigurationList section */
		8501CBB620CC402400E692E9 /* Build configuration list for PBXProject "groupShopper" */ = {
			isa = XCConfigurationList;
			buildConfigurations = (
				8501CBD620CC402600E692E9 /* Debug */,
				8501CBD720CC402600E692E9 /* Release */,
			);
			defaultConfigurationIsVisible = 0;
			defaultConfigurationName = Release;
		};
		8501CBD820CC402600E692E9 /* Build configuration list for PBXNativeTarget "groupShopper" */ = {
			isa = XCConfigurationList;
			buildConfigurations = (
				8501CBD920CC402600E692E9 /* Debug */,
				8501CBDA20CC402600E692E9 /* Release */,
			);
			defaultConfigurationIsVisible = 0;
			defaultConfigurationName = Release;
		};
		8501CBDB20CC402600E692E9 /* Build configuration list for PBXNativeTarget "groupShopperTests" */ = {
			isa = XCConfigurationList;
			buildConfigurations = (
				8501CBDC20CC402600E692E9 /* Debug */,
				8501CBDD20CC402600E692E9 /* Release */,
			);
			defaultConfigurationIsVisible = 0;
			defaultConfigurationName = Release;
		};
/* End XCConfigurationList section */
	};
	rootObject = 8501CBB320CC402400E692E9 /* Project object */;
}
